# This file is automatically @generated by Cargo.
# It is not intended for manual editing.
version = 4

[[package]]
name = "aww-cli"
version = "0.1.0"
dependencies = [
 "aww-ipc",
]

[[package]]
name = "aww-daemon"
version = "0.1.0"
dependencies = [
 "aww-ipc",
]

[[package]]
name = "aww-ipc"
version = "0.1.0"
